Microsoft Visual Studio Solution File, Format Version 12.00
# Visual Studio Version 17
VisualStudioVersion = 17.13.35818.85
MinimumVisualStudioVersion = 10.0.40219.1
Project("{FAE04EC0-301F-11D3-BF4B-00C04F79EFBC}") = "AppHost.AppHost", "AppHost.AppHost\AppHost.AppHost.csproj", "{ACB39A30-3EE8-4C31-95BD-DDB9A9C6F767}"
EndProject
Project("{FAE04EC0-301F-11D3-BF4B-00C04F79EFBC}") = "AppHost.ServiceDefaults", "AppHost.ServiceDefaults\AppHost.ServiceDefaults.csproj", "{31D950CD-DD6B-ED63-01BC-73075933A83A}"
EndProject
Project("{FAE04EC0-301F-11D3-BF4B-00C04F79EFBC}") = "Api", "Api\Api.csproj", "{BF0124A9-B344-48B7-997F-D3811D2236FA}"
EndProject
Project("{FAE04EC0-301F-11D3-BF4B-00C04F79EFBC}") = "DatabaseInitialization", "DatabaseInitialization\DatabaseInitialization.csproj", "{B0718D8E-4CCE-459B-A328-960A53B7E273}"
EndProject
Global
	GlobalSection(SolutionConfigurationPlatforms) = preSolution
		Debug|Any CPU = Debug|Any CPU
		Release|Any CPU = Release|Any CPU
	EndGlobalSection
	GlobalSection(ProjectConfigurationPlatforms) = postSolution
		{ACB39A30-3EE8-4C31-95BD-DDB9A9C6F767}.Debug|Any CPU.ActiveCfg = Debug|Any CPU
		{ACB39A30-3EE8-4C31-95BD-DDB9A9C6F767}.Debug|Any CPU.Build.0 = Debug|Any CPU
		{ACB39A30-3EE8-4C31-95BD-DDB9A9C6F767}.Release|Any CPU.ActiveCfg = Release|Any CPU
		{ACB39A30-3EE8-4C31-95BD-DDB9A9C6F767}.Release|Any CPU.Build.0 = Release|Any CPU
		{31D950CD-DD6B-ED63-01BC-73075933A83A}.Debug|Any CPU.ActiveCfg = Debug|Any CPU
		{31D950CD-DD6B-ED63-01BC-73075933A83A}.Debug|Any CPU.Build.0 = Debug|Any CPU
		{31D950CD-DD6B-ED63-01BC-73075933A83A}.Release|Any CPU.ActiveCfg = Release|Any CPU
		{31D950CD-DD6B-ED63-01BC-73075933A83A}.Release|Any CPU.Build.0 = Release|Any CPU
		{BF0124A9-B344-48B7-997F-D3811D2236FA}.Debug|Any CPU.ActiveCfg = Debug|Any CPU
		{BF0124A9-B344-48B7-997F-D3811D2236FA}.Debug|Any CPU.Build.0 = Debug|Any CPU
		{BF0124A9-B344-48B7-997F-D3811D2236FA}.Release|Any CPU.ActiveCfg = Release|Any CPU
		{BF0124A9-B344-48B7-997F-D3811D2236FA}.Release|Any CPU.Build.0 = Release|Any CPU
		{B0718D8E-4CCE-459B-A328-960A53B7E273}.Debug|Any CPU.ActiveCfg = Debug|Any CPU
		{B0718D8E-4CCE-459B-A328-960A53B7E273}.Debug|Any CPU.Build.0 = Debug|Any CPU
		{B0718D8E-4CCE-459B-A328-960A53B7E273}.Release|Any CPU.ActiveCfg = Release|Any CPU
		{B0718D8E-4CCE-459B-A328-960A53B7E273}.Release|Any CPU.Build.0 = Release|Any CPU
	EndGlobalSection
	GlobalSection(SolutionProperties) = preSolution
		HideSolutionNode = FALSE
	EndGlobalSection
	GlobalSection(ExtensibilityGlobals) = postSolution
		SolutionGuid = {252B8EDD-F5F6-42D2-9E73-85059EA184DB}
	EndGlobalSection
EndGlobal
